// !$*UTF8*$!
{
	archiveVersion = 1;
	classes = {
	};
	objectVersion = 56;
	objects = {

/* Begin PBXBuildFile section */
		D41240A02BE47C10005F55DC /* AppDelegate.swift in Sources */ = {isa = PBXBuildFile; fileRef = D412409F2BE47C10005F55DC /* AppDelegate.swift */; };
		D41240A22BE47C10005F55DC /* SceneDelegate.swift in Sources */ = {isa = PBXBuildFile; fileRef = D41240A12BE47C10005F55DC /* SceneDelegate.swift */; };
		D41240A42BE47C10005F55DC /* HomePageViewController.swift in Sources */ = {isa = PBXBuildFile; fileRef = D41240A32BE47C10005F55DC /* HomePageViewController.swift */; };
		D41240B72BE47F1E005F55DC /* Models.swift in Sources */ = {isa = PBXBuildFile; fileRef = D41240B62BE47F1E005F55DC /* Models.swift */; };
		D41240B92BE48171005F55DC /* ContactPageViewController.swift in Sources */ = {isa = PBXBuildFile; fileRef = D41240B82BE48171005F55DC /* ContactPageViewController.swift */; };
		D41240BB2BE48188005F55DC /* ProductPageViewController.swift in Sources */ = {isa = PBXBuildFile; fileRef = D41240BA2BE48188005F55DC /* ProductPageViewController.swift */; };
		D41240BD2BE481DA005F55DC /* AddProductViewController.swift in Sources */ = {isa = PBXBuildFile; fileRef = D41240BC2BE481DA005F55DC /* AddProductViewController.swift */; };
		D41240C02BE4821B005F55DC /* NetworkManager.swift in Sources */ = {isa = PBXBuildFile; fileRef = D41240BF2BE4821B005F55DC /* NetworkManager.swift */; };
		D41240D12BE4B929005F55DC /* UserCollectionViewCell.swift in Sources */ = {isa = PBXBuildFile; fileRef = D41240D02BE4B928005F55DC /* UserCollectionViewCell.swift */; };
		D41240D32BE4B964005F55DC /* FilterPillCollectionViewCell.swift in Sources */ = {isa = PBXBuildFile; fileRef = D41240D22BE4B964005F55DC /* FilterPillCollectionViewCell.swift */; };
		D41240DD2BE58306005F55DC /* Alamofire in Frameworks */ = {isa = PBXBuildFile; productRef = D41240DC2BE58306005F55DC /* Alamofire */; };
		D41240DF2BE5830C005F55DC /* SDWebImage in Frameworks */ = {isa = PBXBuildFile; productRef = D41240DE2BE5830C005F55DC /* SDWebImage */; };
		D41240E12BE5830C005F55DC /* SnapKit in Frameworks */ = {isa = PBXBuildFile; productRef = D41240E02BE5830C005F55DC /* SnapKit */; };
		D4A444C52BE58AE3005708F5 /* AddPageProdCollectionViewCell.swift in Sources */ = {isa = PBXBuildFile; fileRef = D4A444C22BE58AE3005708F5 /* AddPageProdCollectionViewCell.swift */; };
		D4A444C62BE58AE3005708F5 /* AddPageBusinessCollectionViewCell.swift in Sources */ = {isa = PBXBuildFile; fileRef = D4A444C32BE58AE3005708F5 /* AddPageBusinessCollectionViewCell.swift */; };
		D4A444C82BE58BB1005708F5 /* Main.storyboard in Resources */ = {isa = PBXBuildFile; fileRef = D41240A52BE47C10005F55DC /* Main.storyboard */; };
		D4A444C92BE58BB5005708F5 /* Assets.xcassets in Resources */ = {isa = PBXBuildFile; fileRef = D41240A82BE47C12005F55DC /* Assets.xcassets */; };
		D4A444CA2BE58BB9005708F5 /* LaunchScreen.storyboard in Resources */ = {isa = PBXBuildFile; fileRef = D41240AA2BE47C12005F55DC /* LaunchScreen.storyboard */; };
		D4A444CF2BE5C1FB005708F5 /* FeatUserCollectionViewCell.swift in Sources */ = {isa = PBXBuildFile; fileRef = D4A444CE2BE5C1FB005708F5 /* FeatUserCollectionViewCell.swift */; };
		D4A444D12BE5C9A9005708F5 /* ProductTableViewCell.swift in Sources */ = {isa = PBXBuildFile; fileRef = D4A444D02BE5C9A9005708F5 /* ProductTableViewCell.swift */; };
/* End PBXBuildFile section */

/* Begin PBXFileReference section */
		34C0A1142BE56A3F00A8AD6D /* ProductCollectionViewCell.swift */ = {isa = PBXFileReference; lastKnownFileType = sourcecode.swift; path = ProductCollectionViewCell.swift; sourceTree = "<group>"; };
		D412409C2BE47C10005F55DC /* SkillHub.app */ = {isa = PBXFileReference; explicitFileType = wrapper.application; includeInIndex = 0; path = SkillHub.app; sourceTree = BUILT_PRODUCTS_DIR; };
		D412409F2BE47C10005F55DC /* AppDelegate.swift */ = {isa = PBXFileReference; lastKnownFileType = sourcecode.swift; path = AppDelegate.swift; sourceTree = "<group>"; };
		D41240A12BE47C10005F55DC /* SceneDelegate.swift */ = {isa = PBXFileReference; lastKnownFileType = sourcecode.swift; path = SceneDelegate.swift; sourceTree = "<group>"; };
		D41240A32BE47C10005F55DC /* HomePageViewController.swift */ = {isa = PBXFileReference; lastKnownFileType = sourcecode.swift; path = HomePageViewController.swift; sourceTree = "<group>"; };
		D41240A62BE47C10005F55DC /* Base */ = {isa = PBXFileReference; lastKnownFileType = file.storyboard; name = Base; path = Base.lproj/Main.storyboard; sourceTree = "<group>"; };
		D41240A82BE47C12005F55DC /* Assets.xcassets */ = {isa = PBXFileReference; lastKnownFileType = folder.assetcatalog; path = Assets.xcassets; sourceTree = "<group>"; };
		D41240AB2BE47C12005F55DC /* Base */ = {isa = PBXFileReference; lastKnownFileType = file.storyboard; name = Base; path = Base.lproj/LaunchScreen.storyboard; sourceTree = "<group>"; };
		D41240AD2BE47C12005F55DC /* Info.plist */ = {isa = PBXFileReference; lastKnownFileType = text.plist.xml; path = Info.plist; sourceTree = "<group>"; };
		D41240B62BE47F1E005F55DC /* Models.swift */ = {isa = PBXFileReference; lastKnownFileType = sourcecode.swift; path = Models.swift; sourceTree = "<group>"; };
		D41240B82BE48171005F55DC /* ContactPageViewController.swift */ = {isa = PBXFileReference; lastKnownFileType = sourcecode.swift; path = ContactPageViewController.swift; sourceTree = "<group>"; };
		D41240BA2BE48188005F55DC /* ProductPageViewController.swift */ = {isa = PBXFileReference; lastKnownFileType = sourcecode.swift; path = ProductPageViewController.swift; sourceTree = "<group>"; };
		D41240BC2BE481DA005F55DC /* AddProductViewController.swift */ = {isa = PBXFileReference; lastKnownFileType = sourcecode.swift; path = AddProductViewController.swift; sourceTree = "<group>"; };
		D41240BF2BE4821B005F55DC /* NetworkManager.swift */ = {isa = PBXFileReference; lastKnownFileType = sourcecode.swift; path = NetworkManager.swift; sourceTree = "<group>"; };
		D41240D02BE4B928005F55DC /* UserCollectionViewCell.swift */ = {isa = PBXFileReference; lastKnownFileType = sourcecode.swift; path = UserCollectionViewCell.swift; sourceTree = "<group>"; };
		D41240D22BE4B964005F55DC /* FilterPillCollectionViewCell.swift */ = {isa = PBXFileReference; lastKnownFileType = sourcecode.swift; path = FilterPillCollectionViewCell.swift; sourceTree = "<group>"; };
		D41240D62BE5769E005F55DC /* AddPageBusinessCollectionViewCell.swift */ = {isa = PBXFileReference; lastKnownFileType = sourcecode.swift; path = AddPageBusinessCollectionViewCell.swift; sourceTree = "<group>"; };
		D41240D82BE576AC005F55DC /* AddPageProdCollectionViewCell.swift */ = {isa = PBXFileReference; lastKnownFileType = sourcecode.swift; path = AddPageProdCollectionViewCell.swift; sourceTree = "<group>"; };
		D4A444C22BE58AE3005708F5 /* AddPageProdCollectionViewCell.swift */ = {isa = PBXFileReference; fileEncoding = 4; lastKnownFileType = sourcecode.swift; path = AddPageProdCollectionViewCell.swift; sourceTree = "<group>"; };
		D4A444C32BE58AE3005708F5 /* AddPageBusinessCollectionViewCell.swift */ = {isa = PBXFileReference; fileEncoding = 4; lastKnownFileType = sourcecode.swift; path = AddPageBusinessCollectionViewCell.swift; sourceTree = "<group>"; };
		D4A444CE2BE5C1FB005708F5 /* FeatUserCollectionViewCell.swift */ = {isa = PBXFileReference; lastKnownFileType = sourcecode.swift; path = FeatUserCollectionViewCell.swift; sourceTree = "<group>"; };
		D4A444D02BE5C9A9005708F5 /* ProductTableViewCell.swift */ = {isa = PBXFileReference; lastKnownFileType = sourcecode.swift; path = ProductTableViewCell.swift; sourceTree = "<group>"; };
/* End PBXFileReference section */

/* Begin PBXFrameworksBuildPhase section */
		D41240992BE47C10005F55DC /* Frameworks */ = {
			isa = PBXFrameworksBuildPhase;
			buildActionMask = 2147483647;
			files = (
				D41240E12BE5830C005F55DC /* SnapKit in Frameworks */,
				D41240DF2BE5830C005F55DC /* SDWebImage in Frameworks */,
				D41240DD2BE58306005F55DC /* Alamofire in Frameworks */,
			);
			runOnlyForDeploymentPostprocessing = 0;
		};
/* End PBXFrameworksBuildPhase section */

/* Begin PBXGroup section */
		D41240932BE47C10005F55DC = {
			isa = PBXGroup;
			children = (
				D412409E2BE47C10005F55DC /* SkillHub */,
				D412409D2BE47C10005F55DC /* Products */,
				D41240DA2BE58080005F55DC /* Recovered References */,
				D41240DB2BE58306005F55DC /* Frameworks */,
			);
			sourceTree = "<group>";
		};
		D412409D2BE47C10005F55DC /* Products */ = {
			isa = PBXGroup;
			children = (
				D412409C2BE47C10005F55DC /* SkillHub.app */,
			);
			name = Products;
			sourceTree = "<group>";
		};
		D412409E2BE47C10005F55DC /* SkillHub */ = {
			isa = PBXGroup;
			children = (
				D41240B62BE47F1E005F55DC /* Models.swift */,
				D41240C72BE49355005F55DC /* Extensions */,
				D41240B42BE47DFB005F55DC /* ViewCells */,
				D41240B32BE47DE7005F55DC /* Controllers */,
				D41240BE2BE48204005F55DC /* Networking */,
				D412409F2BE47C10005F55DC /* AppDelegate.swift */,
				D41240A12BE47C10005F55DC /* SceneDelegate.swift */,
				D41240A52BE47C10005F55DC /* Main.storyboard */,
				D41240A82BE47C12005F55DC /* Assets.xcassets */,
				D41240AA2BE47C12005F55DC /* LaunchScreen.storyboard */,
				D41240AD2BE47C12005F55DC /* Info.plist */,
			);
			path = SkillHub;
			sourceTree = "<group>";
		};
		D41240B32BE47DE7005F55DC /* Controllers */ = {
			isa = PBXGroup;
			children = (
				D41240A32BE47C10005F55DC /* HomePageViewController.swift */,
				D41240B82BE48171005F55DC /* ContactPageViewController.swift */,
				D41240BA2BE48188005F55DC /* ProductPageViewController.swift */,
				D41240BC2BE481DA005F55DC /* AddProductViewController.swift */,
			);
			path = Controllers;
			sourceTree = "<group>";
		};
		D41240B42BE47DFB005F55DC /* ViewCells */ = {
			isa = PBXGroup;
			children = (
				D4A444C32BE58AE3005708F5 /* AddPageBusinessCollectionViewCell.swift */,
				D4A444C22BE58AE3005708F5 /* AddPageProdCollectionViewCell.swift */,
				D41240D02BE4B928005F55DC /* UserCollectionViewCell.swift */,
				D41240D22BE4B964005F55DC /* FilterPillCollectionViewCell.swift */,
				D4A444CE2BE5C1FB005708F5 /* FeatUserCollectionViewCell.swift */,
				D4A444D02BE5C9A9005708F5 /* ProductTableViewCell.swift */,
			);
			path = ViewCells;
			sourceTree = "<group>";
		};
		D41240BE2BE48204005F55DC /* Networking */ = {
			isa = PBXGroup;
			children = (
				D41240BF2BE4821B005F55DC /* NetworkManager.swift */,
			);
			path = Networking;
			sourceTree = "<group>";
		};
		D41240C72BE49355005F55DC /* Extensions */ = {
			isa = PBXGroup;
			children = (
			);
			path = Extensions;
			sourceTree = "<group>";
		};
		D41240DA2BE58080005F55DC /* Recovered References */ = {
			isa = PBXGroup;
			children = (
				D41240D82BE576AC005F55DC /* AddPageProdCollectionViewCell.swift */,
				34C0A1142BE56A3F00A8AD6D /* ProductCollectionViewCell.swift */,
				D41240D62BE5769E005F55DC /* AddPageBusinessCollectionViewCell.swift */,
			);
			name = "Recovered References";
			sourceTree = "<group>";
		};
		D41240DB2BE58306005F55DC /* Frameworks */ = {
			isa = PBXGroup;
			children = (
			);
			name = Frameworks;
			sourceTree = "<group>";
		};
/* End PBXGroup section */

/* Begin PBXNativeTarget section */
		D412409B2BE47C10005F55DC /* SkillHub */ = {
			isa = PBXNativeTarget;
			buildConfigurationList = D41240B02BE47C12005F55DC /* Build configuration list for PBXNativeTarget "SkillHub" */;
			buildPhases = (
				D41240982BE47C10005F55DC /* Sources */,
				D41240992BE47C10005F55DC /* Frameworks */,
				D412409A2BE47C10005F55DC /* Resources */,
			);
			buildRules = (
			);
			dependencies = (
			);
			name = SkillHub;
			packageProductDependencies = (
				D41240DC2BE58306005F55DC /* Alamofire */,
				D41240DE2BE5830C005F55DC /* SDWebImage */,
				D41240E02BE5830C005F55DC /* SnapKit */,
			);
			productName = SkillHub;
			productReference = D412409C2BE47C10005F55DC /* SkillHub.app */;
			productType = "com.apple.product-type.application";
		};
/* End PBXNativeTarget section */

/* Begin PBXProject section */
		D41240942BE47C10005F55DC /* Project object */ = {
			isa = PBXProject;
			attributes = {
				BuildIndependentTargetsInParallel = NO;
				LastSwiftUpdateCheck = 1420;
				LastUpgradeCheck = 1420;
				TargetAttributes = {
					D412409B2BE47C10005F55DC = {
						CreatedOnToolsVersion = 14.2;
					};
				};
			};
			buildConfigurationList = D41240972BE47C10005F55DC /* Build configuration list for PBXProject "SkillHub" */;
			compatibilityVersion = "Xcode 14.0";
			developmentRegion = en;
			hasScannedForEncodings = 0;
			knownRegions = (
				en,
				Base,
			);
			mainGroup = D41240932BE47C10005F55DC;
			packageReferences = (
				D41240C12BE4824E005F55DC /* XCRemoteSwiftPackageReference "Alamofire" */,
				D41240C42BE4827F005F55DC /* XCRemoteSwiftPackageReference "SDWebImage" */,
				D41240C82BE49FDD005F55DC /* XCRemoteSwiftPackageReference "SnapKit" */,
			);
			productRefGroup = D412409D2BE47C10005F55DC /* Products */;
			projectDirPath = "";
			projectRoot = "";
			targets = (
				D412409B2BE47C10005F55DC /* SkillHub */,
			);
		};
/* End PBXProject section */

/* Begin PBXResourcesBuildPhase section */
		D412409A2BE47C10005F55DC /* Resources */ = {
			isa = PBXResourcesBuildPhase;
			buildActionMask = 2147483647;
			files = (
				D4A444CA2BE58BB9005708F5 /* LaunchScreen.storyboard in Resources */,
				D4A444C92BE58BB5005708F5 /* Assets.xcassets in Resources */,
				D4A444C82BE58BB1005708F5 /* Main.storyboard in Resources */,
			);
			runOnlyForDeploymentPostprocessing = 0;
		};
/* End PBXResourcesBuildPhase section */

/* Begin PBXSourcesBuildPhase section */
		D41240982BE47C10005F55DC /* Sources */ = {
			isa = PBXSourcesBuildPhase;
			buildActionMask = 2147483647;
			files = (
				D4A444C52BE58AE3005708F5 /* AddPageProdCollectionViewCell.swift in Sources */,
				D4A444C62BE58AE3005708F5 /* AddPageBusinessCollectionViewCell.swift in Sources */,
				D4A444D12BE5C9A9005708F5 /* ProductTableViewCell.swift in Sources */,
				D41240A42BE47C10005F55DC /* HomePageViewController.swift in Sources */,
				D41240BD2BE481DA005F55DC /* AddProductViewController.swift in Sources */,
				D41240A02BE47C10005F55DC /* AppDelegate.swift in Sources */,
				D41240B92BE48171005F55DC /* ContactPageViewController.swift in Sources */,
				D41240D32BE4B964005F55DC /* FilterPillCollectionViewCell.swift in Sources */,
				D41240BB2BE48188005F55DC /* ProductPageViewController.swift in Sources */,
				D41240A22BE47C10005F55DC /* SceneDelegate.swift in Sources */,
				D41240B72BE47F1E005F55DC /* Models.swift in Sources */,
				D41240C02BE4821B005F55DC /* NetworkManager.swift in Sources */,
				D4A444CF2BE5C1FB005708F5 /* FeatUserCollectionViewCell.swift in Sources */,
				D41240D12BE4B929005F55DC /* UserCollectionViewCell.swift in Sources */,
			);
			runOnlyForDeploymentPostprocessing = 0;
		};
/* End PBXSourcesBuildPhase section */

/* Begin PBXVariantGroup section */
		D41240A52BE47C10005F55DC /* Main.storyboard */ = {
			isa = PBXVariantGroup;
			children = (
				D41240A62BE47C10005F55DC /* Base */,
			);
			name = Main.storyboard;
			sourceTree = "<group>";
		};
		D41240AA2BE47C12005F55DC /* LaunchScreen.storyboard */ = {
			isa = PBXVariantGroup;
			children = (
				D41240AB2BE47C12005F55DC /* Base */,
			);
			name = LaunchScreen.storyboard;
			sourceTree = "<group>";
		};
/* End PBXVariantGroup section */

/* Begin XCBuildConfiguration section */
		D41240AE2BE47C12005F55DC /* Debug */ = {
			isa = XCBuildConfiguration;
			buildSettings = {
				ALWAYS_SEARCH_USER_PATHS = NO;
				CLANG_ANALYZER_NONNULL = YES;
				CLANG_ANALYZER_NUMBER_OBJECT_CONVERSION = YES_AGGRESSIVE;
				CLANG_CXX_LANGUAGE_STANDARD = "gnu++20";
				CLANG_ENABLE_MODULES = YES;
				CLANG_ENABLE_OBJC_ARC = YES;
				CLANG_ENABLE_OBJC_WEAK = YES;
				CLANG_WARN_BLOCK_CAPTURE_AUTORELEASING = YES;
				CLANG_WARN_BOOL_CONVERSION = YES;
				CLANG_WARN_COMMA = YES;
				CLANG_WARN_CONSTANT_CONVERSION = YES;
				CLANG_WARN_DEPRECATED_OBJC_IMPLEMENTATIONS = YES;
				CLANG_WARN_DIRECT_OBJC_ISA_USAGE = YES_ERROR;
				CLANG_WARN_DOCUMENTATION_COMMENTS = YES;
				CLANG_WARN_EMPTY_BODY = YES;
				CLANG_WARN_ENUM_CONVERSION = YES;
				CLANG_WARN_INFINITE_RECURSION = YES;
				CLANG_WARN_INT_CONVERSION = YES;
				CLANG_WARN_NON_LITERAL_NULL_CONVERSION = YES;
				CLANG_WARN_OBJC_IMPLICIT_RETAIN_SELF = YES;
				CLANG_WARN_OBJC_LITERAL_CONVERSION = YES;
				CLANG_WARN_OBJC_ROOT_CLASS = YES_ERROR;
				CLANG_WARN_QUOTED_INCLUDE_IN_FRAMEWORK_HEADER = YES;
				CLANG_WARN_RANGE_LOOP_ANALYSIS = YES;
				CLANG_WARN_STRICT_PROTOTYPES = YES;
				CLANG_WARN_SUSPICIOUS_MOVE = YES;
				CLANG_WARN_UNGUARDED_AVAILABILITY = YES_AGGRESSIVE;
				CLANG_WARN_UNREACHABLE_CODE = YES;
				CLANG_WARN__DUPLICATE_METHOD_MATCH = YES;
				COPY_PHASE_STRIP = NO;
				DEBUG_INFORMATION_FORMAT = dwarf;
				ENABLE_STRICT_OBJC_MSGSEND = YES;
				ENABLE_TESTABILITY = YES;
				GCC_C_LANGUAGE_STANDARD = gnu11;
				GCC_DYNAMIC_NO_PIC = NO;
				GCC_NO_COMMON_BLOCKS = YES;
				GCC_OPTIMIZATION_LEVEL = 0;
				GCC_PREPROCESSOR_DEFINITIONS = (
					"DEBUG=1",
					"$(inherited)",
				);
				GCC_WARN_64_TO_32_BIT_CONVERSION = YES;
				GCC_WARN_ABOUT_RETURN_TYPE = YES_ERROR;
				GCC_WARN_UNDECLARED_SELECTOR = YES;
				GCC_WARN_UNINITIALIZED_AUTOS = YES_AGGRESSIVE;
				GCC_WARN_UNUSED_FUNCTION = YES;
				GCC_WARN_UNUSED_VARIABLE = YES;
				IPHONEOS_DEPLOYMENT_TARGET = 16.2;
				MTL_ENABLE_DEBUG_INFO = INCLUDE_SOURCE;
				MTL_FAST_MATH = YES;
				ONLY_ACTIVE_ARCH = YES;
				SDKROOT = iphoneos;
				SWIFT_ACTIVE_COMPILATION_CONDITIONS = DEBUG;
				SWIFT_OPTIMIZATION_LEVEL = "-Onone";
			};
			name = Debug;
		};
		D41240AF2BE47C12005F55DC /* Release */ = {
			isa = XCBuildConfiguration;
			buildSettings = {
				ALWAYS_SEARCH_USER_PATHS = NO;
				CLANG_ANALYZER_NONNULL = YES;
				CLANG_ANALYZER_NUMBER_OBJECT_CONVERSION = YES_AGGRESSIVE;
				CLANG_CXX_LANGUAGE_STANDARD = "gnu++20";
				CLANG_ENABLE_MODULES = YES;
				CLANG_ENABLE_OBJC_ARC = YES;
				CLANG_ENABLE_OBJC_WEAK = YES;
				CLANG_WARN_BLOCK_CAPTURE_AUTORELEASING = YES;
				CLANG_WARN_BOOL_CONVERSION = YES;
				CLANG_WARN_COMMA = YES;
				CLANG_WARN_CONSTANT_CONVERSION = YES;
				CLANG_WARN_DEPRECATED_OBJC_IMPLEMENTATIONS = YES;
				CLANG_WARN_DIRECT_OBJC_ISA_USAGE = YES_ERROR;
				CLANG_WARN_DOCUMENTATION_COMMENTS = YES;
				CLANG_WARN_EMPTY_BODY = YES;
				CLANG_WARN_ENUM_CONVERSION = YES;
				CLANG_WARN_INFINITE_RECURSION = YES;
				CLANG_WARN_INT_CONVERSION = YES;
				CLANG_WARN_NON_LITERAL_NULL_CONVERSION = YES;
				CLANG_WARN_OBJC_IMPLICIT_RETAIN_SELF = YES;
				CLANG_WARN_OBJC_LITERAL_CONVERSION = YES;
				CLANG_WARN_OBJC_ROOT_CLASS = YES_ERROR;
				CLANG_WARN_QUOTED_INCLUDE_IN_FRAMEWORK_HEADER = YES;
				CLANG_WARN_RANGE_LOOP_ANALYSIS = YES;
				CLANG_WARN_STRICT_PROTOTYPES = YES;
				CLANG_WARN_SUSPICIOUS_MOVE = YES;
				CLANG_WARN_UNGUARDED_AVAILABILITY = YES_AGGRESSIVE;
				CLANG_WARN_UNREACHABLE_CODE = YES;
				CLANG_WARN__DUPLICATE_METHOD_MATCH = YES;
				COPY_PHASE_STRIP = NO;
				DEBUG_INFORMATION_FORMAT = "dwarf-with-dsym";
				ENABLE_NS_ASSERTIONS = NO;
				ENABLE_STRICT_OBJC_MSGSEND = YES;
				GCC_C_LANGUAGE_STANDARD = gnu11;
				GCC_NO_COMMON_BLOCKS = YES;
				GCC_WARN_64_TO_32_BIT_CONVERSION = YES;
				GCC_WARN_ABOUT_RETURN_TYPE = YES_ERROR;
				GCC_WARN_UNDECLARED_SELECTOR = YES;
				GCC_WARN_UNINITIALIZED_AUTOS = YES_AGGRESSIVE;
				GCC_WARN_UNUSED_FUNCTION = YES;
				GCC_WARN_UNUSED_VARIABLE = YES;
				IPHONEOS_DEPLOYMENT_TARGET = 16.2;
				MTL_ENABLE_DEBUG_INFO = NO;
				MTL_FAST_MATH = YES;
				SDKROOT = iphoneos;
				SWIFT_COMPILATION_MODE = wholemodule;
				SWIFT_OPTIMIZATION_LEVEL = "-O";
				VALIDATE_PRODUCT = YES;
			};
			name = Release;
		};
		D41240B12BE47C12005F55DC /* Debug */ = {
			isa = XCBuildConfiguration;
			buildSettings = {
				ASSETCATALOG_COMPILER_APPICON_NAME = AppIcon;
				ASSETCATALOG_COMPILER_GLOBAL_ACCENT_COLOR_NAME = AccentColor;
				CODE_SIGN_STYLE = Automatic;
				CURRENT_PROJECT_VERSION = 1;
				GENERATE_INFOPLIST_FILE = YES;
				INFOPLIST_FILE = SkillHub/Info.plist;
				INFOPLIST_KEY_UIApplicationSupportsIndirectInputEvents = YES;
				INFOPLIST_KEY_UILaunchStoryboardName = LaunchScreen;
				INFOPLIST_KEY_UIMainStoryboardFile = Main;
				INFOPLIST_KEY_UISupportedInterfaceOrientations_iPad = "UIInterfaceOrientationPortrait UIInterfaceOrientationPortraitUpsideDown UIInterfaceOrientationLandscapeLeft UIInterfaceOrientationLandscapeRight";
				INFOPLIST_KEY_UISupportedInterfaceOrientations_iPhone = "UIInterfaceOrientationPortrait UIInterfaceOrientationLandscapeLeft UIInterfaceOrientationLandscapeRight";
				IPHONEOS_DEPLOYMENT_TARGET = 16.2;
				LD_RUNPATH_SEARCH_PATHS = (
					"$(inherited)",
					"@executable_path/Frameworks",
				);
				MARKETING_VERSION = 1.0;
				PRODUCT_BUNDLE_IDENTIFIER = skillhub.SkillHub;
				PRODUCT_NAME = "$(TARGET_NAME)";
				SWIFT_EMIT_LOC_STRINGS = YES;
				SWIFT_VERSION = 5.0;
				TARGETED_DEVICE_FAMILY = "1,2";
			};
			name = Debug;
		};
		D41240B22BE47C12005F55DC /* Release */ = {
			isa = XCBuildConfiguration;
			buildSettings = {
				ASSETCATALOG_COMPILER_APPICON_NAME = AppIcon;
				ASSETCATALOG_COMPILER_GLOBAL_ACCENT_COLOR_NAME = AccentColor;
				CODE_SIGN_STYLE = Automatic;
				CURRENT_PROJECT_VERSION = 1;
				GENERATE_INFOPLIST_FILE = YES;
				INFOPLIST_FILE = SkillHub/Info.plist;
				INFOPLIST_KEY_UIApplicationSupportsIndirectInputEvents = YES;
				INFOPLIST_KEY_UILaunchStoryboardName = LaunchScreen;
				INFOPLIST_KEY_UIMainStoryboardFile = Main;
				INFOPLIST_KEY_UISupportedInterfaceOrientations_iPad = "UIInterfaceOrientationPortrait UIInterfaceOrientationPortraitUpsideDown UIInterfaceOrientationLandscapeLeft UIInterfaceOrientationLandscapeRight";
				INFOPLIST_KEY_UISupportedInterfaceOrientations_iPhone = "UIInterfaceOrientationPortrait UIInterfaceOrientationLandscapeLeft UIInterfaceOrientationLandscapeRight";
				IPHONEOS_DEPLOYMENT_TARGET = 16.2;
				LD_RUNPATH_SEARCH_PATHS = (
					"$(inherited)",
					"@executable_path/Frameworks",
				);
				MARKETING_VERSION = 1.0;
				PRODUCT_BUNDLE_IDENTIFIER = skillhub.SkillHub;
				PRODUCT_NAME = "$(TARGET_NAME)";
				SWIFT_EMIT_LOC_STRINGS = YES;
				SWIFT_VERSION = 5.0;
				TARGETED_DEVICE_FAMILY = "1,2";
			};
			name = Release;
		};
/* End XCBuildConfiguration section */

/* Begin XCConfigurationList section */
		D41240972BE47C10005F55DC /* Build configuration list for PBXProject "SkillHub" */ = {
			isa = XCConfigurationList;
			buildConfigurations = (
				D41240AE2BE47C12005F55DC /* Debug */,
				D41240AF2BE47C12005F55DC /* Release */,
			);
			defaultConfigurationIsVisible = 0;
			defaultConfigurationName = Release;
		};
		D41240B02BE47C12005F55DC /* Build configuration list for PBXNativeTarget "SkillHub" */ = {
			isa = XCConfigurationList;
			buildConfigurations = (
				D41240B12BE47C12005F55DC /* Debug */,
				D41240B22BE47C12005F55DC /* Release */,
			);
			defaultConfigurationIsVisible = 0;
			defaultConfigurationName = Release;
		};
/* End XCConfigurationList section */

/* Begin XCRemoteSwiftPackageReference section */
		D41240C12BE4824E005F55DC /* XCRemoteSwiftPackageReference "Alamofire" */ = {
			isa = XCRemoteSwiftPackageReference;
			repositoryURL = "https://github.com/Alamofire/Alamofire.git";
			requirement = {
				branch = master;
				kind = branch;
			};
		};
		D41240C42BE4827F005F55DC /* XCRemoteSwiftPackageReference "SDWebImage" */ = {
			isa = XCRemoteSwiftPackageReference;
			repositoryURL = "https://github.com/SDWebImage/SDWebImage.git";
			requirement = {
				kind = upToNextMajorVersion;
				minimumVersion = 5.0.0;
			};
		};
		D41240C82BE49FDD005F55DC /* XCRemoteSwiftPackageReference "SnapKit" */ = {
			isa = XCRemoteSwiftPackageReference;
			repositoryURL = "https://github.com/SnapKit/SnapKit.git";
			requirement = {
				kind = upToNextMajorVersion;
				minimumVersion = 5.0.0;
			};
		};
/* End XCRemoteSwiftPackageReference section */

/* Begin XCSwiftPackageProductDependency section */
		D41240DC2BE58306005F55DC /* Alamofire */ = {
			isa = XCSwiftPackageProductDependency;
			package = D41240C12BE4824E005F55DC /* XCRemoteSwiftPackageReference "Alamofire" */;
			productName = Alamofire;
		};
		D41240DE2BE5830C005F55DC /* SDWebImage */ = {
			isa = XCSwiftPackageProductDependency;
			package = D41240C42BE4827F005F55DC /* XCRemoteSwiftPackageReference "SDWebImage" */;
			productName = SDWebImage;
		};
		D41240E02BE5830C005F55DC /* SnapKit */ = {
			isa = XCSwiftPackageProductDependency;
			package = D41240C82BE49FDD005F55DC /* XCRemoteSwiftPackageReference "SnapKit" */;
			productName = SnapKit;
		};
/* End XCSwiftPackageProductDependency section */
	};
	rootObject = D41240942BE47C10005F55DC /* Project object */;
}
